// !$*UTF8*$!
{
	archiveVersion = 1;
	classes = {
	};
	objectVersion = 56;
	objects = {

/* Begin PBXBuildFile section */
		62CBC7117D6AF2D81E6E425D /* libPods-ShareCommut.a in Frameworks */ = {isa = PBXBuildFile; fileRef = C2C98E8861C97FF41A07CB87 /* libPods-ShareCommut.a */; };
		CE4C2F322B161D4000552FA6 /* MapViewController.swift in Sources */ = {isa = PBXBuildFile; fileRef = CE4C2F312B161D4000552FA6 /* MapViewController.swift */; };
		CE6A01D82B14E81E00EAED28 /* CovoiturageView.swift in Sources */ = {isa = PBXBuildFile; fileRef = CE6A01D72B14E81E00EAED28 /* CovoiturageView.swift */; };
		CE6A01DD2B14EE4E00EAED28 /* EmgDriverCell.swift in Sources */ = {isa = PBXBuildFile; fileRef = CE6A01DC2B14EE4E00EAED28 /* EmgDriverCell.swift */; };
		CE6A01DF2B14F38B00EAED28 /* Driver.swift in Sources */ = {isa = PBXBuildFile; fileRef = CE6A01DE2B14F38B00EAED28 /* Driver.swift */; };
		CE8C6BF52B14B2EE0043007B /* ShareCommutApp.swift in Sources */ = {isa = PBXBuildFile; fileRef = CE8C6BF42B14B2EE0043007B /* ShareCommutApp.swift */; };
		CE8C6BF72B14B2EE0043007B /* ContentView.swift in Sources */ = {isa = PBXBuildFile; fileRef = CE8C6BF62B14B2EE0043007B /* ContentView.swift */; };
		CE8C6BF92B14B2EE0043007B /* Assets.xcassets in Resources */ = {isa = PBXBuildFile; fileRef = CE8C6BF82B14B2EE0043007B /* Assets.xcassets */; };
		CE8C6BFC2B14B2EE0043007B /* Preview Assets.xcassets in Resources */ = {isa = PBXBuildFile; fileRef = CE8C6BFB2B14B2EE0043007B /* Preview Assets.xcassets */; };
		CE8C6BFE2B14B2EE0043007B /* Persistence.swift in Sources */ = {isa = PBXBuildFile; fileRef = CE8C6BFD2B14B2EE0043007B /* Persistence.swift */; };
		CE8C6C012B14B2EE0043007B /* ShareCommut.xcdatamodeld in Sources */ = {isa = PBXBuildFile; fileRef = CE8C6BFF2B14B2EE0043007B /* ShareCommut.xcdatamodeld */; };
		CE8C6C0C2B14B2EE0043007B /* ShareCommutTests.swift in Sources */ = {isa = PBXBuildFile; fileRef = CE8C6C0B2B14B2EE0043007B /* ShareCommutTests.swift */; };
		CE8C6C162B14B2EF0043007B /* ShareCommutUITests.swift in Sources */ = {isa = PBXBuildFile; fileRef = CE8C6C152B14B2EF0043007B /* ShareCommutUITests.swift */; };
		CE8C6C182B14B2EF0043007B /* ShareCommutUITestsLaunchTests.swift in Sources */ = {isa = PBXBuildFile; fileRef = CE8C6C172B14B2EF0043007B /* ShareCommutUITestsLaunchTests.swift */; };
		CE8C6C292B14B34C0043007B /* EmergencyRideView.swift in Sources */ = {isa = PBXBuildFile; fileRef = CE8C6C282B14B34C0043007B /* EmergencyRideView.swift */; };
		CE8C6C2B2B14C55C0043007B /* CarMapView.swift in Sources */ = {isa = PBXBuildFile; fileRef = CE8C6C2A2B14C55C0043007B /* CarMapView.swift */; };
		CED918612B160396000F66CC /* EmgCovoiturage.swift in Sources */ = {isa = PBXBuildFile; fileRef = CED918602B160396000F66CC /* EmgCovoiturage.swift */; };
		CED918632B1612F3000F66CC /* CarMapController.swift in Sources */ = {isa = PBXBuildFile; fileRef = CED918622B1612F3000F66CC /* CarMapController.swift */; };
/* End PBXBuildFile section */

/* Begin PBXContainerItemProxy section */
		CE8C6C082B14B2EE0043007B /* PBXContainerItemProxy */ = {
			isa = PBXContainerItemProxy;
			containerPortal = CE8C6BE92B14B2EE0043007B /* Project object */;
			proxyType = 1;
			remoteGlobalIDString = CE8C6BF02B14B2EE0043007B;
			remoteInfo = ShareCommut;
		};
		CE8C6C122B14B2EF0043007B /* PBXContainerItemProxy */ = {
			isa = PBXContainerItemProxy;
			containerPortal = CE8C6BE92B14B2EE0043007B /* Project object */;
			proxyType = 1;
			remoteGlobalIDString = CE8C6BF02B14B2EE0043007B;
			remoteInfo = ShareCommut;
		};
/* End PBXContainerItemProxy section */

/* Begin PBXFileReference section */
		0F7E15333C345CE5CF973A74 /* Pods-ShareCommut.release.xcconfig */ = {isa = PBXFileReference; includeInIndex = 1; lastKnownFileType = text.xcconfig; name = "Pods-ShareCommut.release.xcconfig"; path = "../ShareCommut/Pods/Target Support Files/Pods-ShareCommut/Pods-ShareCommut.release.xcconfig"; sourceTree = "<group>"; };
		4D9D58D6B431F606302B8B9B /* Pods-ShareCommut.debug.xcconfig */ = {isa = PBXFileReference; includeInIndex = 1; lastKnownFileType = text.xcconfig; name = "Pods-ShareCommut.debug.xcconfig"; path = "../ShareCommut/Pods/Target Support Files/Pods-ShareCommut/Pods-ShareCommut.debug.xcconfig"; sourceTree = "<group>"; };
		C2C98E8861C97FF41A07CB87 /* libPods-ShareCommut.a */ = {isa = PBXFileReference; explicitFileType = archive.ar; includeInIndex = 0; path = "libPods-ShareCommut.a"; sourceTree = BUILT_PRODUCTS_DIR; };
		CE4C2F312B161D4000552FA6 /* MapViewController.swift */ = {isa = PBXFileReference; lastKnownFileType = sourcecode.swift; path = MapViewController.swift; sourceTree = "<group>"; };
		CE6A01D72B14E81E00EAED28 /* CovoiturageView.swift */ = {isa = PBXFileReference; lastKnownFileType = sourcecode.swift; path = CovoiturageView.swift; sourceTree = "<group>"; };
		CE6A01DC2B14EE4E00EAED28 /* EmgDriverCell.swift */ = {isa = PBXFileReference; lastKnownFileType = sourcecode.swift; path = EmgDriverCell.swift; sourceTree = "<group>"; };
		CE6A01DE2B14F38B00EAED28 /* Driver.swift */ = {isa = PBXFileReference; lastKnownFileType = sourcecode.swift; path = Driver.swift; sourceTree = "<group>"; };
		CE8C6BF12B14B2EE0043007B /* ShareCommut.app */ = {isa = PBXFileReference; explicitFileType = wrapper.application; includeInIndex = 0; path = ShareCommut.app; sourceTree = BUILT_PRODUCTS_DIR; };
		CE8C6BF42B14B2EE0043007B /* ShareCommutApp.swift */ = {isa = PBXFileReference; lastKnownFileType = sourcecode.swift; path = ShareCommutApp.swift; sourceTree = "<group>"; };
		CE8C6BF62B14B2EE0043007B /* ContentView.swift */ = {isa = PBXFileReference; lastKnownFileType = sourcecode.swift; path = ContentView.swift; sourceTree = "<group>"; };
		CE8C6BF82B14B2EE0043007B /* Assets.xcassets */ = {isa = PBXFileReference; lastKnownFileType = folder.assetcatalog; path = Assets.xcassets; sourceTree = "<group>"; };
		CE8C6BFB2B14B2EE0043007B /* Preview Assets.xcassets */ = {isa = PBXFileReference; lastKnownFileType = folder.assetcatalog; path = "Preview Assets.xcassets"; sourceTree = "<group>"; };
		CE8C6BFD2B14B2EE0043007B /* Persistence.swift */ = {isa = PBXFileReference; lastKnownFileType = sourcecode.swift; path = Persistence.swift; sourceTree = "<group>"; };
		CE8C6C002B14B2EE0043007B /* ShareCommut.xcdatamodel */ = {isa = PBXFileReference; lastKnownFileType = wrapper.xcdatamodel; path = ShareCommut.xcdatamodel; sourceTree = "<group>"; };
		CE8C6C022B14B2EE0043007B /* Info.plist */ = {isa = PBXFileReference; lastKnownFileType = text.plist.xml; path = Info.plist; sourceTree = "<group>"; };
		CE8C6C072B14B2EE0043007B /* ShareCommutTests.xctest */ = {isa = PBXFileReference; explicitFileType = wrapper.cfbundle; includeInIndex = 0; path = ShareCommutTests.xctest; sourceTree = BUILT_PRODUCTS_DIR; };
		CE8C6C0B2B14B2EE0043007B /* ShareCommutTests.swift */ = {isa = PBXFileReference; lastKnownFileType = sourcecode.swift; path = ShareCommutTests.swift; sourceTree = "<group>"; };
		CE8C6C112B14B2EF0043007B /* ShareCommutUITests.xctest */ = {isa = PBXFileReference; explicitFileType = wrapper.cfbundle; includeInIndex = 0; path = ShareCommutUITests.xctest; sourceTree = BUILT_PRODUCTS_DIR; };
		CE8C6C152B14B2EF0043007B /* ShareCommutUITests.swift */ = {isa = PBXFileReference; lastKnownFileType = sourcecode.swift; path = ShareCommutUITests.swift; sourceTree = "<group>"; };
		CE8C6C172B14B2EF0043007B /* ShareCommutUITestsLaunchTests.swift */ = {isa = PBXFileReference; lastKnownFileType = sourcecode.swift; path = ShareCommutUITestsLaunchTests.swift; sourceTree = "<group>"; };
		CE8C6C282B14B34C0043007B /* EmergencyRideView.swift */ = {isa = PBXFileReference; lastKnownFileType = sourcecode.swift; path = EmergencyRideView.swift; sourceTree = "<group>"; };
		CE8C6C2A2B14C55C0043007B /* CarMapView.swift */ = {isa = PBXFileReference; lastKnownFileType = sourcecode.swift; path = CarMapView.swift; sourceTree = "<group>"; };
		CED918602B160396000F66CC /* EmgCovoiturage.swift */ = {isa = PBXFileReference; lastKnownFileType = sourcecode.swift; path = EmgCovoiturage.swift; sourceTree = "<group>"; };
		CED918622B1612F3000F66CC /* CarMapController.swift */ = {isa = PBXFileReference; lastKnownFileType = sourcecode.swift; name = CarMapController.swift; path = "../../../../Users/rihem/Desktop/Rihem 4Sim1/ShareCommut/ShareCommut/View Models/CarMapController.swift"; sourceTree = DEVELOPER_DIR; };
/* End PBXFileReference section */

/* Begin PBXFrameworksBuildPhase section */
		CE8C6BEE2B14B2EE0043007B /* Frameworks */ = {
			isa = PBXFrameworksBuildPhase;
			buildActionMask = 2147483647;
			files = (
				62CBC7117D6AF2D81E6E425D /* libPods-ShareCommut.a in Frameworks */,
			);
			runOnlyForDeploymentPostprocessing = 0;
		};
		CE8C6C042B14B2EE0043007B /* Frameworks */ = {
			isa = PBXFrameworksBuildPhase;
			buildActionMask = 2147483647;
			files = (
			);
			runOnlyForDeploymentPostprocessing = 0;
		};
		CE8C6C0E2B14B2EF0043007B /* Frameworks */ = {
			isa = PBXFrameworksBuildPhase;
			buildActionMask = 2147483647;
			files = (
			);
			runOnlyForDeploymentPostprocessing = 0;
		};
/* End PBXFrameworksBuildPhase section */

/* Begin PBXGroup section */
		B19469402A90013095EC7EAE /* Frameworks */ = {
			isa = PBXGroup;
			children = (
				C2C98E8861C97FF41A07CB87 /* libPods-ShareCommut.a */,
			);
			name = Frameworks;
			sourceTree = "<group>";
		};
		CE8C6BE82B14B2EE0043007B = {
			isa = PBXGroup;
			children = (
				CE8C6BF32B14B2EE0043007B /* ShareCommut */,
				CE8C6C0A2B14B2EE0043007B /* ShareCommutTests */,
				CE8C6C142B14B2EF0043007B /* ShareCommutUITests */,
				CE8C6BF22B14B2EE0043007B /* Products */,
				DD89670290790AEF7DA1BCEE /* Pods */,
				B19469402A90013095EC7EAE /* Frameworks */,
			);
			sourceTree = "<group>";
		};
		CE8C6BF22B14B2EE0043007B /* Products */ = {
			isa = PBXGroup;
			children = (
				CE8C6BF12B14B2EE0043007B /* ShareCommut.app */,
				CE8C6C072B14B2EE0043007B /* ShareCommutTests.xctest */,
				CE8C6C112B14B2EF0043007B /* ShareCommutUITests.xctest */,
			);
			name = Products;
			sourceTree = "<group>";
		};
		CE8C6BF32B14B2EE0043007B /* ShareCommut */ = {
			isa = PBXGroup;
			children = (
				CE8C6C272B14B3340043007B /* View Models */,
				CE8C6C252B14B31B0043007B /* Models */,
				CE8C6C242B14B30D0043007B /* View */,
				CE8C6BF42B14B2EE0043007B /* ShareCommutApp.swift */,
				CE8C6BF62B14B2EE0043007B /* ContentView.swift */,
				CE8C6BF82B14B2EE0043007B /* Assets.xcassets */,
				CE8C6BFD2B14B2EE0043007B /* Persistence.swift */,
				CE8C6C022B14B2EE0043007B /* Info.plist */,
				CE8C6BFF2B14B2EE0043007B /* ShareCommut.xcdatamodeld */,
				CE8C6BFA2B14B2EE0043007B /* Preview Content */,
			);
			path = ShareCommut;
			sourceTree = "<group>";
		};
		CE8C6BFA2B14B2EE0043007B /* Preview Content */ = {
			isa = PBXGroup;
			children = (
				CE8C6BFB2B14B2EE0043007B /* Preview Assets.xcassets */,
			);
			path = "Preview Content";
			sourceTree = "<group>";
		};
		CE8C6C0A2B14B2EE0043007B /* ShareCommutTests */ = {
			isa = PBXGroup;
			children = (
				CE8C6C0B2B14B2EE0043007B /* ShareCommutTests.swift */,
			);
			path = ShareCommutTests;
			sourceTree = "<group>";
		};
		CE8C6C142B14B2EF0043007B /* ShareCommutUITests */ = {
			isa = PBXGroup;
			children = (
				CE8C6C152B14B2EF0043007B /* ShareCommutUITests.swift */,
				CE8C6C172B14B2EF0043007B /* ShareCommutUITestsLaunchTests.swift */,
			);
			path = ShareCommutUITests;
			sourceTree = "<group>";
		};
		CE8C6C242B14B30D0043007B /* View */ = {
			isa = PBXGroup;
			children = (
				CE8C6C282B14B34C0043007B /* EmergencyRideView.swift */,
				CE8C6C2A2B14C55C0043007B /* CarMapView.swift */,
				CE6A01D72B14E81E00EAED28 /* CovoiturageView.swift */,
			);
			path = View;
			sourceTree = "<group>";
		};
		CE8C6C252B14B31B0043007B /* Models */ = {
			isa = PBXGroup;
			children = (
				CE6A01DE2B14F38B00EAED28 /* Driver.swift */,
				CED918602B160396000F66CC /* EmgCovoiturage.swift */,
			);
			path = Models;
			sourceTree = "<group>";
		};
		CE8C6C272B14B3340043007B /* View Models */ = {
			isa = PBXGroup;
			children = (
				CE6A01DC2B14EE4E00EAED28 /* EmgDriverCell.swift */,
				CED918622B1612F3000F66CC /* CarMapController.swift */,
				CE4C2F312B161D4000552FA6 /* MapViewController.swift */,
			);
			path = "View Models";
			sourceTree = "<group>";
		};
		DD89670290790AEF7DA1BCEE /* Pods */ = {
			isa = PBXGroup;
			children = (
				4D9D58D6B431F606302B8B9B /* Pods-ShareCommut.debug.xcconfig */,
				0F7E15333C345CE5CF973A74 /* Pods-ShareCommut.release.xcconfig */,
			);
			path = Pods;
			sourceTree = "<group>";
		};
/* End PBXGroup section */

/* Begin PBXNativeTarget section */
		CE8C6BF02B14B2EE0043007B /* ShareCommut */ = {
			isa = PBXNativeTarget;
			buildConfigurationList = CE8C6C1B2B14B2EF0043007B /* Build configuration list for PBXNativeTarget "ShareCommut" */;
			buildPhases = (
				88ED9CA16B695B80CE5A4B84 /* [CP] Check Pods Manifest.lock */,
				CE8C6BED2B14B2EE0043007B /* Sources */,
				CE8C6BEE2B14B2EE0043007B /* Frameworks */,
				CE8C6BEF2B14B2EE0043007B /* Resources */,
				855783F0D123F0C532B87FD6 /* [CP] Copy Pods Resources */,
			);
			buildRules = (
			);
			dependencies = (
			);
			name = ShareCommut;
			productName = ShareCommut;
			productReference = CE8C6BF12B14B2EE0043007B /* ShareCommut.app */;
			productType = "com.apple.product-type.application";
		};
		CE8C6C062B14B2EE0043007B /* ShareCommutTests */ = {
			isa = PBXNativeTarget;
			buildConfigurationList = CE8C6C1E2B14B2EF0043007B /* Build configuration list for PBXNativeTarget "ShareCommutTests" */;
			buildPhases = (
				CE8C6C032B14B2EE0043007B /* Sources */,
				CE8C6C042B14B2EE0043007B /* Frameworks */,
				CE8C6C052B14B2EE0043007B /* Resources */,
			);
			buildRules = (
			);
			dependencies = (
				CE8C6C092B14B2EE0043007B /* PBXTargetDependency */,
			);
			name = ShareCommutTests;
			productName = ShareCommutTests;
			productReference = CE8C6C072B14B2EE0043007B /* ShareCommutTests.xctest */;
			productType = "com.apple.product-type.bundle.unit-test";
		};
		CE8C6C102B14B2EF0043007B /* ShareCommutUITests */ = {
			isa = PBXNativeTarget;
			buildConfigurationList = CE8C6C212B14B2EF0043007B /* Build configuration list for PBXNativeTarget "ShareCommutUITests" */;
			buildPhases = (
				CE8C6C0D2B14B2EF0043007B /* Sources */,
				CE8C6C0E2B14B2EF0043007B /* Frameworks */,
				CE8C6C0F2B14B2EF0043007B /* Resources */,
			);
			buildRules = (
			);
			dependencies = (
				CE8C6C132B14B2EF0043007B /* PBXTargetDependency */,
			);
			name = ShareCommutUITests;
			productName = ShareCommutUITests;
			productReference = CE8C6C112B14B2EF0043007B /* ShareCommutUITests.xctest */;
			productType = "com.apple.product-type.bundle.ui-testing";
		};
/* End PBXNativeTarget section */

/* Begin PBXProject section */
		CE8C6BE92B14B2EE0043007B /* Project object */ = {
			isa = PBXProject;
			attributes = {
				BuildIndependentTargetsInParallel = 1;
				LastSwiftUpdateCheck = 1410;
				LastUpgradeCheck = 1410;
				TargetAttributes = {
					CE8C6BF02B14B2EE0043007B = {
						CreatedOnToolsVersion = 14.1;
					};
					CE8C6C062B14B2EE0043007B = {
						CreatedOnToolsVersion = 14.1;
						TestTargetID = CE8C6BF02B14B2EE0043007B;
					};
					CE8C6C102B14B2EF0043007B = {
						CreatedOnToolsVersion = 14.1;
						TestTargetID = CE8C6BF02B14B2EE0043007B;
					};
				};
			};
			buildConfigurationList = CE8C6BEC2B14B2EE0043007B /* Build configuration list for PBXProject "ShareCommut" */;
			compatibilityVersion = "Xcode 14.0";
			developmentRegion = en;
			hasScannedForEncodings = 0;
			knownRegions = (
				en,
				Base,
			);
			mainGroup = CE8C6BE82B14B2EE0043007B;
			productRefGroup = CE8C6BF22B14B2EE0043007B /* Products */;
			projectDirPath = "";
			projectRoot = "";
			targets = (
				CE8C6BF02B14B2EE0043007B /* ShareCommut */,
				CE8C6C062B14B2EE0043007B /* ShareCommutTests */,
				CE8C6C102B14B2EF0043007B /* ShareCommutUITests */,
			);
		};
/* End PBXProject section */

/* Begin PBXResourcesBuildPhase section */
		CE8C6BEF2B14B2EE0043007B /* Resources */ = {
			isa = PBXResourcesBuildPhase;
			buildActionMask = 2147483647;
			files = (
				CE8C6BFC2B14B2EE0043007B /* Preview Assets.xcassets in Resources */,
				CE8C6BF92B14B2EE0043007B /* Assets.xcassets in Resources */,
			);
			runOnlyForDeploymentPostprocessing = 0;
		};
		CE8C6C052B14B2EE0043007B /* Resources */ = {
			isa = PBXResourcesBuildPhase;
			buildActionMask = 2147483647;
			files = (
			);
			runOnlyForDeploymentPostprocessing = 0;
		};
		CE8C6C0F2B14B2EF0043007B /* Resources */ = {
			isa = PBXResourcesBuildPhase;
			buildActionMask = 2147483647;
			files = (
			);
			runOnlyForDeploymentPostprocessing = 0;
		};
/* End PBXResourcesBuildPhase section */

/* Begin PBXShellScriptBuildPhase section */
		855783F0D123F0C532B87FD6 /* [CP] Copy Pods Resources */ = {
			isa = PBXShellScriptBuildPhase;
			buildActionMask = 2147483647;
			files = (
			);
			inputFileListPaths = (
				"${PODS_ROOT}/Target Support Files/Pods-ShareCommut/Pods-ShareCommut-resources-${CONFIGURATION}-input-files.xcfilelist",
			);
			name = "[CP] Copy Pods Resources";
			outputFileListPaths = (
				"${PODS_ROOT}/Target Support Files/Pods-ShareCommut/Pods-ShareCommut-resources-${CONFIGURATION}-output-files.xcfilelist",
			);
			runOnlyForDeploymentPostprocessing = 0;
			shellPath = /bin/sh;
			shellScript = "\"${PODS_ROOT}/Target Support Files/Pods-ShareCommut/Pods-ShareCommut-resources.sh\"\n";
			showEnvVarsInLog = 0;
		};
		88ED9CA16B695B80CE5A4B84 /* [CP] Check Pods Manifest.lock */ = {
			isa = PBXShellScriptBuildPhase;
			buildActionMask = 2147483647;
			files = (
			);
			inputFileListPaths = (
			);
			inputPaths = (
				"${PODS_PODFILE_DIR_PATH}/Podfile.lock",
				"${PODS_ROOT}/Manifest.lock",
			);
			name = "[CP] Check Pods Manifest.lock";
			outputFileListPaths = (
			);
			outputPaths = (
				"$(DERIVED_FILE_DIR)/Pods-ShareCommut-checkManifestLockResult.txt",
			);
			runOnlyForDeploymentPostprocessing = 0;
			shellPath = /bin/sh;
			shellScript = "diff \"${PODS_PODFILE_DIR_PATH}/Podfile.lock\" \"${PODS_ROOT}/Manifest.lock\" > /dev/null\nif [ $? != 0 ] ; then\n    # print error to STDERR\n    echo \"error: The sandbox is not in sync with the Podfile.lock. Run 'pod install' or update your CocoaPods installation.\" >&2\n    exit 1\nfi\n# This output is used by Xcode 'outputs' to avoid re-running this script phase.\necho \"SUCCESS\" > \"${SCRIPT_OUTPUT_FILE_0}\"\n";
			showEnvVarsInLog = 0;
		};
/* End PBXShellScriptBuildPhase section */

/* Begin PBXSourcesBuildPhase section */
		CE8C6BED2B14B2EE0043007B /* Sources */ = {
			isa = PBXSourcesBuildPhase;
			buildActionMask = 2147483647;
			files = (
				CED918632B1612F3000F66CC /* CarMapController.swift in Sources */,
				CE8C6C012B14B2EE0043007B /* ShareCommut.xcdatamodeld in Sources */,
				CE8C6C292B14B34C0043007B /* EmergencyRideView.swift in Sources */,
				CE8C6BFE2B14B2EE0043007B /* Persistence.swift in Sources */,
				CE6A01DD2B14EE4E00EAED28 /* EmgDriverCell.swift in Sources */,
				CED918612B160396000F66CC /* EmgCovoiturage.swift in Sources */,
				CE8C6BF72B14B2EE0043007B /* ContentView.swift in Sources */,
				CE4C2F322B161D4000552FA6 /* MapViewController.swift in Sources */,
				CE6A01D82B14E81E00EAED28 /* CovoiturageView.swift in Sources */,
				CE6A01DF2B14F38B00EAED28 /* Driver.swift in Sources */,
				CE8C6C2B2B14C55C0043007B /* CarMapView.swift in Sources */,
				CE8C6BF52B14B2EE0043007B /* ShareCommutApp.swift in Sources */,
			);
			runOnlyForDeploymentPostprocessing = 0;
		};
		CE8C6C032B14B2EE0043007B /* Sources */ = {
			isa = PBXSourcesBuildPhase;
			buildActionMask = 2147483647;
			files = (
				CE8C6C0C2B14B2EE0043007B /* ShareCommutTests.swift in Sources */,
			);
			runOnlyForDeploymentPostprocessing = 0;
		};
		CE8C6C0D2B14B2EF0043007B /* Sources */ = {
			isa = PBXSourcesBuildPhase;
			buildActionMask = 2147483647;
			files = (
				CE8C6C162B14B2EF0043007B /* ShareCommutUITests.swift in Sources */,
				CE8C6C182B14B2EF0043007B /* ShareCommutUITestsLaunchTests.swift in Sources */,
			);
			runOnlyForDeploymentPostprocessing = 0;
		};
/* End PBXSourcesBuildPhase section */

/* Begin PBXTargetDependency section */
		CE8C6C092B14B2EE0043007B /* PBXTargetDependency */ = {
			isa = PBXTargetDependency;
			target = CE8C6BF02B14B2EE0043007B /* ShareCommut */;
			targetProxy = CE8C6C082B14B2EE0043007B /* PBXContainerItemProxy */;
		};
		CE8C6C132B14B2EF0043007B /* PBXTargetDependency */ = {
			isa = PBXTargetDependency;
			target = CE8C6BF02B14B2EE0043007B /* ShareCommut */;
			targetProxy = CE8C6C122B14B2EF0043007B /* PBXContainerItemProxy */;
		};
/* End PBXTargetDependency section */

/* Begin XCBuildConfiguration section */
		CE8C6C192B14B2EF0043007B /* Debug */ = {
			isa = XCBuildConfiguration;
			buildSettings = {
				ALWAYS_SEARCH_USER_PATHS = NO;
				CLANG_ANALYZER_NONNULL = YES;
				CLANG_ANALYZER_NUMBER_OBJECT_CONVERSION = YES_AGGRESSIVE;
				CLANG_CXX_LANGUAGE_STANDARD = "gnu++20";
				CLANG_ENABLE_MODULES = YES;
				CLANG_ENABLE_OBJC_ARC = YES;
				CLANG_ENABLE_OBJC_WEAK = YES;
				CLANG_WARN_BLOCK_CAPTURE_AUTORELEASING = YES;
				CLANG_WARN_BOOL_CONVERSION = YES;
				CLANG_WARN_COMMA = YES;
				CLANG_WARN_CONSTANT_CONVERSION = YES;
				CLANG_WARN_DEPRECATED_OBJC_IMPLEMENTATIONS = YES;
				CLANG_WARN_DIRECT_OBJC_ISA_USAGE = YES_ERROR;
				CLANG_WARN_DOCUMENTATION_COMMENTS = YES;
				CLANG_WARN_EMPTY_BODY = YES;
				CLANG_WARN_ENUM_CONVERSION = YES;
				CLANG_WARN_INFINITE_RECURSION = YES;
				CLANG_WARN_INT_CONVERSION = YES;
				CLANG_WARN_NON_LITERAL_NULL_CONVERSION = YES;
				CLANG_WARN_OBJC_IMPLICIT_RETAIN_SELF = YES;
				CLANG_WARN_OBJC_LITERAL_CONVERSION = YES;
				CLANG_WARN_OBJC_ROOT_CLASS = YES_ERROR;
				CLANG_WARN_QUOTED_INCLUDE_IN_FRAMEWORK_HEADER = YES;
				CLANG_WARN_RANGE_LOOP_ANALYSIS = YES;
				CLANG_WARN_STRICT_PROTOTYPES = YES;
				CLANG_WARN_SUSPICIOUS_MOVE = YES;
				CLANG_WARN_UNGUARDED_AVAILABILITY = YES_AGGRESSIVE;
				CLANG_WARN_UNREACHABLE_CODE = YES;
				CLANG_WARN__DUPLICATE_METHOD_MATCH = YES;
				COPY_PHASE_STRIP = NO;
				DEBUG_INFORMATION_FORMAT = dwarf;
				ENABLE_STRICT_OBJC_MSGSEND = YES;
				ENABLE_TESTABILITY = YES;
				GCC_C_LANGUAGE_STANDARD = gnu11;
				GCC_DYNAMIC_NO_PIC = NO;
				GCC_NO_COMMON_BLOCKS = YES;
				GCC_OPTIMIZATION_LEVEL = 0;
				GCC_PREPROCESSOR_DEFINITIONS = (
					"DEBUG=1",
					"$(inherited)",
				);
				GCC_WARN_64_TO_32_BIT_CONVERSION = YES;
				GCC_WARN_ABOUT_RETURN_TYPE = YES_ERROR;
				GCC_WARN_UNDECLARED_SELECTOR = YES;
				GCC_WARN_UNINITIALIZED_AUTOS = YES_AGGRESSIVE;
				GCC_WARN_UNUSED_FUNCTION = YES;
				GCC_WARN_UNUSED_VARIABLE = YES;
				IPHONEOS_DEPLOYMENT_TARGET = 16.1;
				MTL_ENABLE_DEBUG_INFO = INCLUDE_SOURCE;
				MTL_FAST_MATH = YES;
				ONLY_ACTIVE_ARCH = YES;
				SDKROOT = iphoneos;
				SWIFT_ACTIVE_COMPILATION_CONDITIONS = DEBUG;
				SWIFT_OPTIMIZATION_LEVEL = "-Onone";
			};
			name = Debug;
		};
		CE8C6C1A2B14B2EF0043007B /* Release */ = {
			isa = XCBuildConfiguration;
			buildSettings = {
				ALWAYS_SEARCH_USER_PATHS = NO;
				CLANG_ANALYZER_NONNULL = YES;
				CLANG_ANALYZER_NUMBER_OBJECT_CONVERSION = YES_AGGRESSIVE;
				CLANG_CXX_LANGUAGE_STANDARD = "gnu++20";
				CLANG_ENABLE_MODULES = YES;
				CLANG_ENABLE_OBJC_ARC = YES;
				CLANG_ENABLE_OBJC_WEAK = YES;
				CLANG_WARN_BLOCK_CAPTURE_AUTORELEASING = YES;
				CLANG_WARN_BOOL_CONVERSION = YES;
				CLANG_WARN_COMMA = YES;
				CLANG_WARN_CONSTANT_CONVERSION = YES;
				CLANG_WARN_DEPRECATED_OBJC_IMPLEMENTATIONS = YES;
				CLANG_WARN_DIRECT_OBJC_ISA_USAGE = YES_ERROR;
				CLANG_WARN_DOCUMENTATION_COMMENTS = YES;
				CLANG_WARN_EMPTY_BODY = YES;
				CLANG_WARN_ENUM_CONVERSION = YES;
				CLANG_WARN_INFINITE_RECURSION = YES;
				CLANG_WARN_INT_CONVERSION = YES;
				CLANG_WARN_NON_LITERAL_NULL_CONVERSION = YES;
				CLANG_WARN_OBJC_IMPLICIT_RETAIN_SELF = YES;
				CLANG_WARN_OBJC_LITERAL_CONVERSION = YES;
				CLANG_WARN_OBJC_ROOT_CLASS = YES_ERROR;
				CLANG_WARN_QUOTED_INCLUDE_IN_FRAMEWORK_HEADER = YES;
				CLANG_WARN_RANGE_LOOP_ANALYSIS = YES;
				CLANG_WARN_STRICT_PROTOTYPES = YES;
				CLANG_WARN_SUSPICIOUS_MOVE = YES;
				CLANG_WARN_UNGUARDED_AVAILABILITY = YES_AGGRESSIVE;
				CLANG_WARN_UNREACHABLE_CODE = YES;
				CLANG_WARN__DUPLICATE_METHOD_MATCH = YES;
				COPY_PHASE_STRIP = NO;
				DEBUG_INFORMATION_FORMAT = "dwarf-with-dsym";
				ENABLE_NS_ASSERTIONS = NO;
				ENABLE_STRICT_OBJC_MSGSEND = YES;
				GCC_C_LANGUAGE_STANDARD = gnu11;
				GCC_NO_COMMON_BLOCKS = YES;
				GCC_WARN_64_TO_32_BIT_CONVERSION = YES;
				GCC_WARN_ABOUT_RETURN_TYPE = YES_ERROR;
				GCC_WARN_UNDECLARED_SELECTOR = YES;
				GCC_WARN_UNINITIALIZED_AUTOS = YES_AGGRESSIVE;
				GCC_WARN_UNUSED_FUNCTION = YES;
				GCC_WARN_UNUSED_VARIABLE = YES;
				IPHONEOS_DEPLOYMENT_TARGET = 16.1;
				MTL_ENABLE_DEBUG_INFO = NO;
				MTL_FAST_MATH = YES;
				SDKROOT = iphoneos;
				SWIFT_COMPILATION_MODE = wholemodule;
				SWIFT_OPTIMIZATION_LEVEL = "-O";
				VALIDATE_PRODUCT = YES;
			};
			name = Release;
		};
		CE8C6C1C2B14B2EF0043007B /* Debug */ = {
			isa = XCBuildConfiguration;
			baseConfigurationReference = 4D9D58D6B431F606302B8B9B /* Pods-ShareCommut.debug.xcconfig */;
			buildSettings = {
				ASSETCATALOG_COMPILER_APPICON_NAME = AppIcon;
				ASSETCATALOG_COMPILER_GLOBAL_ACCENT_COLOR_NAME = AccentColor;
				CODE_SIGN_STYLE = Automatic;
				CURRENT_PROJECT_VERSION = 1;
				DEVELOPMENT_ASSET_PATHS = "\"ShareCommut/Preview Content\"";
				ENABLE_PREVIEWS = YES;
				GENERATE_INFOPLIST_FILE = YES;
				INFOPLIST_KEY_UIApplicationSceneManifest_Generation = YES;
				INFOPLIST_KEY_UIApplicationSupportsIndirectInputEvents = YES;
				INFOPLIST_KEY_UILaunchScreen_Generation = YES;
				INFOPLIST_KEY_UISupportedInterfaceOrientations_iPad = "UIInterfaceOrientationPortrait UIInterfaceOrientationPortraitUpsideDown UIInterfaceOrientationLandscapeLeft UIInterfaceOrientationLandscapeRight";
				INFOPLIST_KEY_UISupportedInterfaceOrientations_iPhone = "UIInterfaceOrientationPortrait UIInterfaceOrientationLandscapeLeft UIInterfaceOrientationLandscapeRight";
				LD_RUNPATH_SEARCH_PATHS = (
					"$(inherited)",
					"@executable_path/Frameworks",
				);
				MARKETING_VERSION = 1.0;
				PRODUCT_BUNDLE_IDENTIFIER = esprit.ShareCommut;
				PRODUCT_NAME = "$(TARGET_NAME)";
				SWIFT_EMIT_LOC_STRINGS = YES;
				SWIFT_VERSION = 5.0;
				TARGETED_DEVICE_FAMILY = "1,2";
			};
			name = Debug;
		};
		CE8C6C1D2B14B2EF0043007B /* Release */ = {
			isa = XCBuildConfiguration;
			baseConfigurationReference = 0F7E15333C345CE5CF973A74 /* Pods-ShareCommut.release.xcconfig */;
			buildSettings = {
				ASSETCATALOG_COMPILER_APPICON_NAME = AppIcon;
				ASSETCATALOG_COMPILER_GLOBAL_ACCENT_COLOR_NAME = AccentColor;
				CODE_SIGN_STYLE = Automatic;
				CURRENT_PROJECT_VERSION = 1;
				DEVELOPMENT_ASSET_PATHS = "\"ShareCommut/Preview Content\"";
				ENABLE_PREVIEWS = YES;
				GENERATE_INFOPLIST_FILE = YES;
				INFOPLIST_KEY_UIApplicationSceneManifest_Generation = YES;
				INFOPLIST_KEY_UIApplicationSupportsIndirectInputEvents = YES;
				INFOPLIST_KEY_UILaunchScreen_Generation = YES;
				INFOPLIST_KEY_UISupportedInterfaceOrientations_iPad = "UIInterfaceOrientationPortrait UIInterfaceOrientationPortraitUpsideDown UIInterfaceOrientationLandscapeLeft UIInterfaceOrientationLandscapeRight";
				INFOPLIST_KEY_UISupportedInterfaceOrientations_iPhone = "UIInterfaceOrientationPortrait UIInterfaceOrientationLandscapeLeft UIInterfaceOrientationLandscapeRight";
				LD_RUNPATH_SEARCH_PATHS = (
					"$(inherited)",
					"@executable_path/Frameworks",
				);
				MARKETING_VERSION = 1.0;
				PRODUCT_BUNDLE_IDENTIFIER = esprit.ShareCommut;
				PRODUCT_NAME = "$(TARGET_NAME)";
				SWIFT_EMIT_LOC_STRINGS = YES;
				SWIFT_VERSION = 5.0;
				TARGETED_DEVICE_FAMILY = "1,2";
			};
			name = Release;
		};
		CE8C6C1F2B14B2EF0043007B /* Debug */ = {
			isa = XCBuildConfiguration;
			buildSettings = {
				ALWAYS_EMBED_SWIFT_STANDARD_LIBRARIES = YES;
				BUNDLE_LOADER = "$(TEST_HOST)";
				CODE_SIGN_STYLE = Automatic;
				CURRENT_PROJECT_VERSION = 1;
				GENERATE_INFOPLIST_FILE = YES;
				IPHONEOS_DEPLOYMENT_TARGET = 16.1;
				MARKETING_VERSION = 1.0;
				PRODUCT_BUNDLE_IDENTIFIER = esprit.ShareCommutTests;
				PRODUCT_NAME = "$(TARGET_NAME)";
				SWIFT_EMIT_LOC_STRINGS = NO;
				SWIFT_VERSION = 5.0;
				TARGETED_DEVICE_FAMILY = "1,2";
				TEST_HOST = "$(BUILT_PRODUCTS_DIR)/ShareCommut.app/$(BUNDLE_EXECUTABLE_FOLDER_PATH)/ShareCommut";
			};
			name = Debug;
		};
		CE8C6C202B14B2EF0043007B /* Release */ = {
			isa = XCBuildConfiguration;
			buildSettings = {
				ALWAYS_EMBED_SWIFT_STANDARD_LIBRARIES = YES;
				BUNDLE_LOADER = "$(TEST_HOST)";
				CODE_SIGN_STYLE = Automatic;
				CURRENT_PROJECT_VERSION = 1;
				GENERATE_INFOPLIST_FILE = YES;
				IPHONEOS_DEPLOYMENT_TARGET = 16.1;
				MARKETING_VERSION = 1.0;
				PRODUCT_BUNDLE_IDENTIFIER = esprit.ShareCommutTests;
				PRODUCT_NAME = "$(TARGET_NAME)";
				SWIFT_EMIT_LOC_STRINGS = NO;
				SWIFT_VERSION = 5.0;
				TARGETED_DEVICE_FAMILY = "1,2";
				TEST_HOST = "$(BUILT_PRODUCTS_DIR)/ShareCommut.app/$(BUNDLE_EXECUTABLE_FOLDER_PATH)/ShareCommut";
			};
			name = Release;
		};
		CE8C6C222B14B2EF0043007B /* Debug */ = {
			isa = XCBuildConfiguration;
			buildSettings = {
				ALWAYS_EMBED_SWIFT_STANDARD_LIBRARIES = YES;
				CODE_SIGN_STYLE = Automatic;
				CURRENT_PROJECT_VERSION = 1;
				GENERATE_INFOPLIST_FILE = YES;
				MARKETING_VERSION = 1.0;
				PRODUCT_BUNDLE_IDENTIFIER = esprit.ShareCommutUITests;
				PRODUCT_NAME = "$(TARGET_NAME)";
				SWIFT_EMIT_LOC_STRINGS = NO;
				SWIFT_VERSION = 5.0;
				TARGETED_DEVICE_FAMILY = "1,2";
				TEST_TARGET_NAME = ShareCommut;
			};
			name = Debug;
		};
		CE8C6C232B14B2EF0043007B /* Release */ = {
			isa = XCBuildConfiguration;
			buildSettings = {
				ALWAYS_EMBED_SWIFT_STANDARD_LIBRARIES = YES;
				CODE_SIGN_STYLE = Automatic;
				CURRENT_PROJECT_VERSION = 1;
				GENERATE_INFOPLIST_FILE = YES;
				MARKETING_VERSION = 1.0;
				PRODUCT_BUNDLE_IDENTIFIER = esprit.ShareCommutUITests;
				PRODUCT_NAME = "$(TARGET_NAME)";
				SWIFT_EMIT_LOC_STRINGS = NO;
				SWIFT_VERSION = 5.0;
				TARGETED_DEVICE_FAMILY = "1,2";
				TEST_TARGET_NAME = ShareCommut;
			};
			name = Release;
		};
/* End XCBuildConfiguration section */

/* Begin XCConfigurationList section */
		CE8C6BEC2B14B2EE0043007B /* Build configuration list for PBXProject "ShareCommut" */ = {
			isa = XCConfigurationList;
			buildConfigurations = (
				CE8C6C192B14B2EF0043007B /* Debug */,
				CE8C6C1A2B14B2EF0043007B /* Release */,
			);
			defaultConfigurationIsVisible = 0;
			defaultConfigurationName = Release;
		};
		CE8C6C1B2B14B2EF0043007B /* Build configuration list for PBXNativeTarget "ShareCommut" */ = {
			isa = XCConfigurationList;
			buildConfigurations = (
				CE8C6C1C2B14B2EF0043007B /* Debug */,
				CE8C6C1D2B14B2EF0043007B /* Release */,
			);
			defaultConfigurationIsVisible = 0;
			defaultConfigurationName = Release;
		};
		CE8C6C1E2B14B2EF0043007B /* Build configuration list for PBXNativeTarget "ShareCommutTests" */ = {
			isa = XCConfigurationList;
			buildConfigurations = (
				CE8C6C1F2B14B2EF0043007B /* Debug */,
				CE8C6C202B14B2EF0043007B /* Release */,
			);
			defaultConfigurationIsVisible = 0;
			defaultConfigurationName = Release;
		};
		CE8C6C212B14B2EF0043007B /* Build configuration list for PBXNativeTarget "ShareCommutUITests" */ = {
			isa = XCConfigurationList;
			buildConfigurations = (
				CE8C6C222B14B2EF0043007B /* Debug */,
				CE8C6C232B14B2EF0043007B /* Release */,
			);
			defaultConfigurationIsVisible = 0;
			defaultConfigurationName = Release;
		};
/* End XCConfigurationList section */

/* Begin XCVersionGroup section */
		CE8C6BFF2B14B2EE0043007B /* ShareCommut.xcdatamodeld */ = {
			isa = XCVersionGroup;
			children = (
				CE8C6C002B14B2EE0043007B /* ShareCommut.xcdatamodel */,
			);
			currentVersion = CE8C6C002B14B2EE0043007B /* ShareCommut.xcdatamodel */;
			path = ShareCommut.xcdatamodeld;
			sourceTree = "<group>";
			versionGroupType = wrapper.xcdatamodel;
		};
/* End XCVersionGroup section */
	};
	rootObject = CE8C6BE92B14B2EE0043007B /* Project object */;
}
