PODS:
  - GoogleMaps (8.3.0):
    - GoogleMaps/Maps (= 8.3.0)
  - GoogleMaps/Base (8.3.0)
  - GoogleMaps/Maps (8.3.0):
    - GoogleMaps/Base

DEPENDENCIES:
  - GoogleMaps (= 8.3.0)

SPEC REPOS:
  https://github.com/CocoaPods/Specs.git:
    - GoogleMaps

SPEC CHECKSUMS:
  GoogleMaps: 54762190c9741867d03e4e4218672ab5a0a8096b

PODFILE CHECKSUM: 601fd83de51dad14c9779c7c59d806db03b2f29f

COCOAPODS: 1.14.3
